// !$*UTF8*$!
{
	archiveVersion = 1;
	classes = {
	};
	objectVersion = 50;
	objects = {

/* Begin PBXBuildFile section */
		1BDA73298B956FB084BEC947 /* Pods_Jobs_App.framework in Frameworks */ = {isa = PBXBuildFile; fileRef = E38C57086FC5FC80D9341848 /* Pods_Jobs_App.framework */; };
		946D70D222F3B03B00929B64 /* AppDelegate.swift in Sources */ = {isa = PBXBuildFile; fileRef = 946D70D122F3B03B00929B64 /* AppDelegate.swift */; };
		946D70DC22F3B03D00929B64 /* LaunchScreen.storyboard in Resources */ = {isa = PBXBuildFile; fileRef = 946D70DA22F3B03D00929B64 /* LaunchScreen.storyboard */; };
		946D70F522F3B6E100929B64 /* LocalNotificationsController.swift in Sources */ = {isa = PBXBuildFile; fileRef = 946D70F422F3B6E100929B64 /* LocalNotificationsController.swift */; };
		946D70F722F3B71B00929B64 /* Colors.xcassets in Resources */ = {isa = PBXBuildFile; fileRef = 946D70F622F3B71B00929B64 /* Colors.xcassets */; };
		946D70FB22F3B79700929B64 /* Constants.swift in Sources */ = {isa = PBXBuildFile; fileRef = 946D70FA22F3B79700929B64 /* Constants.swift */; };
		946D70FD22F3B83B00929B64 /* Main.storyboard in Resources */ = {isa = PBXBuildFile; fileRef = 946D70FC22F3B83B00929B64 /* Main.storyboard */; };
		946D70FF22F3B84200929B64 /* ViewController.swift in Sources */ = {isa = PBXBuildFile; fileRef = 946D70FE22F3B84200929B64 /* ViewController.swift */; };
		946D710122F3B86A00929B64 /* Publication.storyboard in Resources */ = {isa = PBXBuildFile; fileRef = 946D710022F3B86A00929B64 /* Publication.storyboard */; };
		946D710322F3B87200929B64 /* PublicationViewController.swift in Sources */ = {isa = PBXBuildFile; fileRef = 946D710222F3B87200929B64 /* PublicationViewController.swift */; };
		946D710522F3B87E00929B64 /* Profile.storyboard in Resources */ = {isa = PBXBuildFile; fileRef = 946D710422F3B87D00929B64 /* Profile.storyboard */; };
		946D710722F3B88600929B64 /* ProfileViewController.swift in Sources */ = {isa = PBXBuildFile; fileRef = 946D710622F3B88600929B64 /* ProfileViewController.swift */; };
		946D710922F3B89200929B64 /* Message.storyboard in Resources */ = {isa = PBXBuildFile; fileRef = 946D710822F3B89200929B64 /* Message.storyboard */; };
		946D710B22F3B89A00929B64 /* MessageViewController.swift in Sources */ = {isa = PBXBuildFile; fileRef = 946D710A22F3B89A00929B64 /* MessageViewController.swift */; };
		946D710D22F3B8AB00929B64 /* Home.storyboard in Resources */ = {isa = PBXBuildFile; fileRef = 946D710C22F3B8AB00929B64 /* Home.storyboard */; };
		946D710F22F3B8B200929B64 /* HomeViewController.swift in Sources */ = {isa = PBXBuildFile; fileRef = 946D710E22F3B8B200929B64 /* HomeViewController.swift */; };
		946D711122F3B90D00929B64 /* Comment.storyboard in Resources */ = {isa = PBXBuildFile; fileRef = 946D711022F3B90D00929B64 /* Comment.storyboard */; };
		946D711322F3B91300929B64 /* CommentViewController.swift in Sources */ = {isa = PBXBuildFile; fileRef = 946D711222F3B91300929B64 /* CommentViewController.swift */; };
		946D711522F3B91B00929B64 /* CommentDetailStoryboard.storyboard in Resources */ = {isa = PBXBuildFile; fileRef = 946D711422F3B91B00929B64 /* CommentDetailStoryboard.storyboard */; };
		946D711722F3B93400929B64 /* SignIn.storyboard in Resources */ = {isa = PBXBuildFile; fileRef = 946D711622F3B93400929B64 /* SignIn.storyboard */; };
		946D711922F3B93C00929B64 /* SignInViewController.swift in Sources */ = {isa = PBXBuildFile; fileRef = 946D711822F3B93B00929B64 /* SignInViewController.swift */; };
		946D711B22F3B94300929B64 /* SignInViewModel.swift in Sources */ = {isa = PBXBuildFile; fileRef = 946D711A22F3B94300929B64 /* SignInViewModel.swift */; };
		946D711D22F3B95500929B64 /* SignUp.storyboard in Resources */ = {isa = PBXBuildFile; fileRef = 946D711C22F3B95500929B64 /* SignUp.storyboard */; };
		946D711F22F3B95F00929B64 /* SignUp.swift in Sources */ = {isa = PBXBuildFile; fileRef = 946D711E22F3B95F00929B64 /* SignUp.swift */; };
		946D712122F3B97E00929B64 /* SignUpViewController.swift in Sources */ = {isa = PBXBuildFile; fileRef = 946D712022F3B97E00929B64 /* SignUpViewController.swift */; };
		946D712322F3BA3800929B64 /* Assets.xcassets in Resources */ = {isa = PBXBuildFile; fileRef = 946D712222F3BA3800929B64 /* Assets.xcassets */; };
/* End PBXBuildFile section */

/* Begin PBXFileReference section */
		946D70CE22F3B03B00929B64 /* Jobs App.app */ = {isa = PBXFileReference; explicitFileType = wrapper.application; includeInIndex = 0; path = "Jobs App.app"; sourceTree = BUILT_PRODUCTS_DIR; };
		946D70D122F3B03B00929B64 /* AppDelegate.swift */ = {isa = PBXFileReference; lastKnownFileType = sourcecode.swift; path = AppDelegate.swift; sourceTree = "<group>"; };
		946D70DB22F3B03D00929B64 /* Base */ = {isa = PBXFileReference; lastKnownFileType = file.storyboard; name = Base; path = Base.lproj/LaunchScreen.storyboard; sourceTree = "<group>"; };
		946D70DD22F3B03D00929B64 /* Info.plist */ = {isa = PBXFileReference; lastKnownFileType = text.plist.xml; path = Info.plist; sourceTree = "<group>"; };
		946D70F422F3B6E100929B64 /* LocalNotificationsController.swift */ = {isa = PBXFileReference; fileEncoding = 4; lastKnownFileType = sourcecode.swift; path = LocalNotificationsController.swift; sourceTree = "<group>"; };
		946D70F622F3B71B00929B64 /* Colors.xcassets */ = {isa = PBXFileReference; lastKnownFileType = folder.assetcatalog; path = Colors.xcassets; sourceTree = "<group>"; };
		946D70FA22F3B79700929B64 /* Constants.swift */ = {isa = PBXFileReference; fileEncoding = 4; lastKnownFileType = sourcecode.swift; path = Constants.swift; sourceTree = "<group>"; };
		946D70FC22F3B83B00929B64 /* Main.storyboard */ = {isa = PBXFileReference; fileEncoding = 4; lastKnownFileType = file.storyboard; path = Main.storyboard; sourceTree = "<group>"; };
		946D70FE22F3B84200929B64 /* ViewController.swift */ = {isa = PBXFileReference; fileEncoding = 4; lastKnownFileType = sourcecode.swift; name = ViewController.swift; path = "../../../../../../Downloads/Profesiones App/Profesiones App/Application/Main/Main/ViewController.swift"; sourceTree = "<group>"; };
		946D710022F3B86A00929B64 /* Publication.storyboard */ = {isa = PBXFileReference; fileEncoding = 4; lastKnownFileType = file.storyboard; path = Publication.storyboard; sourceTree = "<group>"; };
		946D710222F3B87200929B64 /* PublicationViewController.swift */ = {isa = PBXFileReference; fileEncoding = 4; lastKnownFileType = sourcecode.swift; path = PublicationViewController.swift; sourceTree = "<group>"; };
		946D710422F3B87D00929B64 /* Profile.storyboard */ = {isa = PBXFileReference; fileEncoding = 4; lastKnownFileType = file.storyboard; path = Profile.storyboard; sourceTree = "<group>"; };
		946D710622F3B88600929B64 /* ProfileViewController.swift */ = {isa = PBXFileReference; fileEncoding = 4; lastKnownFileType = sourcecode.swift; path = ProfileViewController.swift; sourceTree = "<group>"; };
		946D710822F3B89200929B64 /* Message.storyboard */ = {isa = PBXFileReference; fileEncoding = 4; lastKnownFileType = file.storyboard; path = Message.storyboard; sourceTree = "<group>"; };
		946D710A22F3B89A00929B64 /* MessageViewController.swift */ = {isa = PBXFileReference; fileEncoding = 4; lastKnownFileType = sourcecode.swift; path = MessageViewController.swift; sourceTree = "<group>"; };
		946D710C22F3B8AB00929B64 /* Home.storyboard */ = {isa = PBXFileReference; fileEncoding = 4; lastKnownFileType = file.storyboard; path = Home.storyboard; sourceTree = "<group>"; };
		946D710E22F3B8B200929B64 /* HomeViewController.swift */ = {isa = PBXFileReference; fileEncoding = 4; lastKnownFileType = sourcecode.swift; path = HomeViewController.swift; sourceTree = "<group>"; };
		946D711022F3B90D00929B64 /* Comment.storyboard */ = {isa = PBXFileReference; fileEncoding = 4; lastKnownFileType = file.storyboard; path = Comment.storyboard; sourceTree = "<group>"; };
		946D711222F3B91300929B64 /* CommentViewController.swift */ = {isa = PBXFileReference; fileEncoding = 4; lastKnownFileType = sourcecode.swift; path = CommentViewController.swift; sourceTree = "<group>"; };
		946D711422F3B91B00929B64 /* CommentDetailStoryboard.storyboard */ = {isa = PBXFileReference; fileEncoding = 4; lastKnownFileType = file.storyboard; path = CommentDetailStoryboard.storyboard; sourceTree = "<group>"; };
		946D711622F3B93400929B64 /* SignIn.storyboard */ = {isa = PBXFileReference; fileEncoding = 4; lastKnownFileType = file.storyboard; path = SignIn.storyboard; sourceTree = "<group>"; };
		946D711822F3B93B00929B64 /* SignInViewController.swift */ = {isa = PBXFileReference; fileEncoding = 4; lastKnownFileType = sourcecode.swift; path = SignInViewController.swift; sourceTree = "<group>"; };
		946D711A22F3B94300929B64 /* SignInViewModel.swift */ = {isa = PBXFileReference; fileEncoding = 4; lastKnownFileType = sourcecode.swift; path = SignInViewModel.swift; sourceTree = "<group>"; };
		946D711C22F3B95500929B64 /* SignUp.storyboard */ = {isa = PBXFileReference; fileEncoding = 4; lastKnownFileType = file.storyboard; path = SignUp.storyboard; sourceTree = "<group>"; };
		946D711E22F3B95F00929B64 /* SignUp.swift */ = {isa = PBXFileReference; fileEncoding = 4; lastKnownFileType = sourcecode.swift; path = SignUp.swift; sourceTree = "<group>"; };
		946D712022F3B97E00929B64 /* SignUpViewController.swift */ = {isa = PBXFileReference; fileEncoding = 4; lastKnownFileType = sourcecode.swift; path = SignUpViewController.swift; sourceTree = "<group>"; };
		946D712222F3BA3800929B64 /* Assets.xcassets */ = {isa = PBXFileReference; lastKnownFileType = folder.assetcatalog; path = Assets.xcassets; sourceTree = "<group>"; };
		E38C57086FC5FC80D9341848 /* Pods_Jobs_App.framework */ = {isa = PBXFileReference; explicitFileType = wrapper.framework; includeInIndex = 0; path = Pods_Jobs_App.framework; sourceTree = BUILT_PRODUCTS_DIR; };
		E853BD4B629A93EDFE3D683F /* Pods-Jobs App.debug.xcconfig */ = {isa = PBXFileReference; includeInIndex = 1; lastKnownFileType = text.xcconfig; name = "Pods-Jobs App.debug.xcconfig"; path = "Target Support Files/Pods-Jobs App/Pods-Jobs App.debug.xcconfig"; sourceTree = "<group>"; };
		ED98B9833097D1EAD37D2F2C /* Pods-Jobs App.release.xcconfig */ = {isa = PBXFileReference; includeInIndex = 1; lastKnownFileType = text.xcconfig; name = "Pods-Jobs App.release.xcconfig"; path = "Target Support Files/Pods-Jobs App/Pods-Jobs App.release.xcconfig"; sourceTree = "<group>"; };
/* End PBXFileReference section */

/* Begin PBXFrameworksBuildPhase section */
		946D70CB22F3B03B00929B64 /* Frameworks */ = {
			isa = PBXFrameworksBuildPhase;
			buildActionMask = 2147483647;
			files = (
				1BDA73298B956FB084BEC947 /* Pods_Jobs_App.framework in Frameworks */,
			);
			runOnlyForDeploymentPostprocessing = 0;
		};
/* End PBXFrameworksBuildPhase section */

/* Begin PBXGroup section */
		095125EE72634992938A31D2 /* Pods */ = {
			isa = PBXGroup;
			children = (
				E853BD4B629A93EDFE3D683F /* Pods-Jobs App.debug.xcconfig */,
				ED98B9833097D1EAD37D2F2C /* Pods-Jobs App.release.xcconfig */,
			);
			name = Pods;
			path = Pods;
			sourceTree = "<group>";
		};
		946D70C522F3B03B00929B64 = {
			isa = PBXGroup;
			children = (
				946D70D022F3B03B00929B64 /* Jobs App */,
				946D70CF22F3B03B00929B64 /* Products */,
				095125EE72634992938A31D2 /* Pods */,
				FC379EA1D5971A17DED13D70 /* Frameworks */,
			);
			sourceTree = "<group>";
		};
		946D70CF22F3B03B00929B64 /* Products */ = {
			isa = PBXGroup;
			children = (
				946D70CE22F3B03B00929B64 /* Jobs App.app */,
			);
			name = Products;
			sourceTree = "<group>";
		};
		946D70D022F3B03B00929B64 /* Jobs App */ = {
			isa = PBXGroup;
			children = (
				946D70E722F3B27B00929B64 /* Resources */,
				946D70E622F3B26D00929B64 /* Controllers */,
				946D70E522F3B26000929B64 /* Constants */,
				946D70E422F3B25600929B64 /* Base */,
				946D70E322F3B23E00929B64 /* Application */,
			);
			path = "Jobs App";
			sourceTree = "<group>";
		};
		946D70E322F3B23E00929B64 /* Application */ = {
			isa = PBXGroup;
			children = (
				946D70F322F3B30100929B64 /* Publication */,
				946D70F222F3B2F900929B64 /* Profile */,
				946D70F122F3B2F200929B64 /* Message */,
				946D70EF22F3B2E000929B64 /* Main */,
				946D70EE22F3B2D300929B64 /* Home */,
				946D70ED22F3B2CA00929B64 /* Comment */,
				946D70EA22F3B2A300929B64 /* Authentication */,
			);
			path = Application;
			sourceTree = "<group>";
		};
		946D70E422F3B25600929B64 /* Base */ = {
			isa = PBXGroup;
			children = (
				946D70DA22F3B03D00929B64 /* LaunchScreen.storyboard */,
				946D70D122F3B03B00929B64 /* AppDelegate.swift */,
				946D70DD22F3B03D00929B64 /* Info.plist */,
			);
			path = Base;
			sourceTree = "<group>";
		};
		946D70E522F3B26000929B64 /* Constants */ = {
			isa = PBXGroup;
			children = (
				946D70FA22F3B79700929B64 /* Constants.swift */,
			);
			path = Constants;
			sourceTree = "<group>";
		};
		946D70E622F3B26D00929B64 /* Controllers */ = {
			isa = PBXGroup;
			children = (
				946D70F422F3B6E100929B64 /* LocalNotificationsController.swift */,
			);
			path = Controllers;
			sourceTree = "<group>";
		};
		946D70E722F3B27B00929B64 /* Resources */ = {
			isa = PBXGroup;
			children = (
				946D70E922F3B28700929B64 /* Colors */,
				946D70E822F3B28400929B64 /* Images */,
			);
			path = Resources;
			sourceTree = "<group>";
		};
		946D70E822F3B28400929B64 /* Images */ = {
			isa = PBXGroup;
			children = (
				946D712222F3BA3800929B64 /* Assets.xcassets */,
			);
			path = Images;
			sourceTree = "<group>";
		};
		946D70E922F3B28700929B64 /* Colors */ = {
			isa = PBXGroup;
			children = (
				946D70F622F3B71B00929B64 /* Colors.xcassets */,
			);
			path = Colors;
			sourceTree = "<group>";
		};
		946D70EA22F3B2A300929B64 /* Authentication */ = {
			isa = PBXGroup;
			children = (
				946D70EC22F3B2B900929B64 /* Sign Up */,
				946D70EB22F3B2B200929B64 /* Sign In */,
			);
			path = Authentication;
			sourceTree = "<group>";
		};
		946D70EB22F3B2B200929B64 /* Sign In */ = {
			isa = PBXGroup;
			children = (
				946D711A22F3B94300929B64 /* SignInViewModel.swift */,
				946D711822F3B93B00929B64 /* SignInViewController.swift */,
				946D711622F3B93400929B64 /* SignIn.storyboard */,
			);
			path = "Sign In";
			sourceTree = "<group>";
		};
		946D70EC22F3B2B900929B64 /* Sign Up */ = {
			isa = PBXGroup;
			children = (
				946D712022F3B97E00929B64 /* SignUpViewController.swift */,
				946D711E22F3B95F00929B64 /* SignUp.swift */,
				946D711C22F3B95500929B64 /* SignUp.storyboard */,
			);
			path = "Sign Up";
			sourceTree = "<group>";
		};
		946D70ED22F3B2CA00929B64 /* Comment */ = {
			isa = PBXGroup;
			children = (
				946D711422F3B91B00929B64 /* CommentDetailStoryboard.storyboard */,
				946D711222F3B91300929B64 /* CommentViewController.swift */,
				946D711022F3B90D00929B64 /* Comment.storyboard */,
			);
			path = Comment;
			sourceTree = "<group>";
		};
		946D70EE22F3B2D300929B64 /* Home */ = {
			isa = PBXGroup;
			children = (
				946D710E22F3B8B200929B64 /* HomeViewController.swift */,
				946D710C22F3B8AB00929B64 /* Home.storyboard */,
			);
			path = Home;
			sourceTree = "<group>";
		};
		946D70EF22F3B2E000929B64 /* Main */ = {
			isa = PBXGroup;
			children = (
				946D70F022F3B2E500929B64 /* Main */,
			);
			path = Main;
			sourceTree = "<group>";
		};
		946D70F022F3B2E500929B64 /* Main */ = {
			isa = PBXGroup;
			children = (
				946D70FE22F3B84200929B64 /* ViewController.swift */,
				946D70FC22F3B83B00929B64 /* Main.storyboard */,
			);
			path = Main;
			sourceTree = "<group>";
		};
		946D70F122F3B2F200929B64 /* Message */ = {
			isa = PBXGroup;
			children = (
				946D710A22F3B89A00929B64 /* MessageViewController.swift */,
				946D710822F3B89200929B64 /* Message.storyboard */,
			);
			path = Message;
			sourceTree = "<group>";
		};
		946D70F222F3B2F900929B64 /* Profile */ = {
			isa = PBXGroup;
			children = (
				946D710622F3B88600929B64 /* ProfileViewController.swift */,
				946D710422F3B87D00929B64 /* Profile.storyboard */,
			);
			path = Profile;
			sourceTree = "<group>";
		};
		946D70F322F3B30100929B64 /* Publication */ = {
			isa = PBXGroup;
			children = (
				946D710222F3B87200929B64 /* PublicationViewController.swift */,
				946D710022F3B86A00929B64 /* Publication.storyboard */,
			);
			path = Publication;
			sourceTree = "<group>";
		};
		FC379EA1D5971A17DED13D70 /* Frameworks */ = {
			isa = PBXGroup;
			children = (
				E38C57086FC5FC80D9341848 /* Pods_Jobs_App.framework */,
			);
			name = Frameworks;
			sourceTree = "<group>";
		};
/* End PBXGroup section */

/* Begin PBXNativeTarget section */
		946D70CD22F3B03B00929B64 /* Jobs App */ = {
			isa = PBXNativeTarget;
			buildConfigurationList = 946D70E022F3B03D00929B64 /* Build configuration list for PBXNativeTarget "Jobs App" */;
			buildPhases = (
				AFC31F0DCF968C0496258AB1 /* [CP] Check Pods Manifest.lock */,
				946D70CA22F3B03B00929B64 /* Sources */,
				946D70CB22F3B03B00929B64 /* Frameworks */,
				946D70CC22F3B03B00929B64 /* Resources */,
			);
			buildRules = (
			);
			dependencies = (
			);
			name = "Jobs App";
			productName = "Jobs App";
			productReference = 946D70CE22F3B03B00929B64 /* Jobs App.app */;
			productType = "com.apple.product-type.application";
		};
/* End PBXNativeTarget section */

/* Begin PBXProject section */
		946D70C622F3B03B00929B64 /* Project object */ = {
			isa = PBXProject;
			attributes = {
				LastSwiftUpdateCheck = 1030;
				LastUpgradeCheck = 1030;
				ORGANIZATIONNAME = "Arlid Henao Rueda";
				TargetAttributes = {
					946D70CD22F3B03B00929B64 = {
						CreatedOnToolsVersion = 10.3;
					};
				};
			};
			buildConfigurationList = 946D70C922F3B03B00929B64 /* Build configuration list for PBXProject "Jobs App" */;
			compatibilityVersion = "Xcode 9.3";
			developmentRegion = en;
			hasScannedForEncodings = 0;
			knownRegions = (
				en,
				Base,
			);
			mainGroup = 946D70C522F3B03B00929B64;
			productRefGroup = 946D70CF22F3B03B00929B64 /* Products */;
			projectDirPath = "";
			projectRoot = "";
			targets = (
				946D70CD22F3B03B00929B64 /* Jobs App */,
			);
		};
/* End PBXProject section */

/* Begin PBXResourcesBuildPhase section */
		946D70CC22F3B03B00929B64 /* Resources */ = {
			isa = PBXResourcesBuildPhase;
			buildActionMask = 2147483647;
			files = (
				946D710522F3B87E00929B64 /* Profile.storyboard in Resources */,
				946D70DC22F3B03D00929B64 /* LaunchScreen.storyboard in Resources */,
				946D711D22F3B95500929B64 /* SignUp.storyboard in Resources */,
				946D710122F3B86A00929B64 /* Publication.storyboard in Resources */,
				946D70F722F3B71B00929B64 /* Colors.xcassets in Resources */,
				946D711522F3B91B00929B64 /* CommentDetailStoryboard.storyboard in Resources */,
				946D711122F3B90D00929B64 /* Comment.storyboard in Resources */,
				946D711722F3B93400929B64 /* SignIn.storyboard in Resources */,
				946D70FD22F3B83B00929B64 /* Main.storyboard in Resources */,
				946D710922F3B89200929B64 /* Message.storyboard in Resources */,
				946D712322F3BA3800929B64 /* Assets.xcassets in Resources */,
				946D710D22F3B8AB00929B64 /* Home.storyboard in Resources */,
			);
			runOnlyForDeploymentPostprocessing = 0;
		};
/* End PBXResourcesBuildPhase section */

/* Begin PBXShellScriptBuildPhase section */
		AFC31F0DCF968C0496258AB1 /* [CP] Check Pods Manifest.lock */ = {
			isa = PBXShellScriptBuildPhase;
			buildActionMask = 2147483647;
			files = (
			);
			inputFileListPaths = (
			);
			inputPaths = (
				"${PODS_PODFILE_DIR_PATH}/Podfile.lock",
				"${PODS_ROOT}/Manifest.lock",
			);
			name = "[CP] Check Pods Manifest.lock";
			outputFileListPaths = (
			);
			outputPaths = (
				"$(DERIVED_FILE_DIR)/Pods-Jobs App-checkManifestLockResult.txt",
			);
			runOnlyForDeploymentPostprocessing = 0;
			shellPath = /bin/sh;
			shellScript = "diff \"${PODS_PODFILE_DIR_PATH}/Podfile.lock\" \"${PODS_ROOT}/Manifest.lock\" > /dev/null\nif [ $? != 0 ] ; then\n    # print error to STDERR\n    echo \"error: The sandbox is not in sync with the Podfile.lock. Run 'pod install' or update your CocoaPods installation.\" >&2\n    exit 1\nfi\n# This output is used by Xcode 'outputs' to avoid re-running this script phase.\necho \"SUCCESS\" > \"${SCRIPT_OUTPUT_FILE_0}\"\n";
			showEnvVarsInLog = 0;
		};
/* End PBXShellScriptBuildPhase section */

/* Begin PBXSourcesBuildPhase section */
		946D70CA22F3B03B00929B64 /* Sources */ = {
			isa = PBXSourcesBuildPhase;
			buildActionMask = 2147483647;
			files = (
				946D710722F3B88600929B64 /* ProfileViewController.swift in Sources */,
				946D711F22F3B95F00929B64 /* SignUp.swift in Sources */,
				946D70F522F3B6E100929B64 /* LocalNotificationsController.swift in Sources */,
				946D70D222F3B03B00929B64 /* AppDelegate.swift in Sources */,
				946D710F22F3B8B200929B64 /* HomeViewController.swift in Sources */,
				946D70FF22F3B84200929B64 /* ViewController.swift in Sources */,
				946D710322F3B87200929B64 /* PublicationViewController.swift in Sources */,
				946D70FB22F3B79700929B64 /* Constants.swift in Sources */,
				946D710B22F3B89A00929B64 /* MessageViewController.swift in Sources */,
				946D711B22F3B94300929B64 /* SignInViewModel.swift in Sources */,
				946D711922F3B93C00929B64 /* SignInViewController.swift in Sources */,
				946D712122F3B97E00929B64 /* SignUpViewController.swift in Sources */,
				946D711322F3B91300929B64 /* CommentViewController.swift in Sources */,
			);
			runOnlyForDeploymentPostprocessing = 0;
		};
/* End PBXSourcesBuildPhase section */

/* Begin PBXVariantGroup section */
		946D70DA22F3B03D00929B64 /* LaunchScreen.storyboard */ = {
			isa = PBXVariantGroup;
			children = (
				946D70DB22F3B03D00929B64 /* Base */,
			);
			name = LaunchScreen.storyboard;
			sourceTree = "<group>";
		};
/* End PBXVariantGroup section */

/* Begin XCBuildConfiguration section */
		946D70DE22F3B03D00929B64 /* Debug */ = {
			isa = XCBuildConfiguration;
			buildSettings = {
				ALWAYS_SEARCH_USER_PATHS = NO;
				CLANG_ANALYZER_NONNULL = YES;
				CLANG_ANALYZER_NUMBER_OBJECT_CONVERSION = YES_AGGRESSIVE;
				CLANG_CXX_LANGUAGE_STANDARD = "gnu++14";
				CLANG_CXX_LIBRARY = "libc++";
				CLANG_ENABLE_MODULES = YES;
				CLANG_ENABLE_OBJC_ARC = YES;
				CLANG_ENABLE_OBJC_WEAK = YES;
				CLANG_WARN_BLOCK_CAPTURE_AUTORELEASING = YES;
				CLANG_WARN_BOOL_CONVERSION = YES;
				CLANG_WARN_COMMA = YES;
				CLANG_WARN_CONSTANT_CONVERSION = YES;
				CLANG_WARN_DEPRECATED_OBJC_IMPLEMENTATIONS = YES;
				CLANG_WARN_DIRECT_OBJC_ISA_USAGE = YES_ERROR;
				CLANG_WARN_DOCUMENTATION_COMMENTS = YES;
				CLANG_WARN_EMPTY_BODY = YES;
				CLANG_WARN_ENUM_CONVERSION = YES;
				CLANG_WARN_INFINITE_RECURSION = YES;
				CLANG_WARN_INT_CONVERSION = YES;
				CLANG_WARN_NON_LITERAL_NULL_CONVERSION = YES;
				CLANG_WARN_OBJC_IMPLICIT_RETAIN_SELF = YES;
				CLANG_WARN_OBJC_LITERAL_CONVERSION = YES;
				CLANG_WARN_OBJC_ROOT_CLASS = YES_ERROR;
				CLANG_WARN_RANGE_LOOP_ANALYSIS = YES;
				CLANG_WARN_STRICT_PROTOTYPES = YES;
				CLANG_WARN_SUSPICIOUS_MOVE = YES;
				CLANG_WARN_UNGUARDED_AVAILABILITY = YES_AGGRESSIVE;
				CLANG_WARN_UNREACHABLE_CODE = YES;
				CLANG_WARN__DUPLICATE_METHOD_MATCH = YES;
				CODE_SIGN_IDENTITY = "iPhone Developer";
				COPY_PHASE_STRIP = NO;
				DEBUG_INFORMATION_FORMAT = dwarf;
				ENABLE_STRICT_OBJC_MSGSEND = YES;
				ENABLE_TESTABILITY = YES;
				GCC_C_LANGUAGE_STANDARD = gnu11;
				GCC_DYNAMIC_NO_PIC = NO;
				GCC_NO_COMMON_BLOCKS = YES;
				GCC_OPTIMIZATION_LEVEL = 0;
				GCC_PREPROCESSOR_DEFINITIONS = (
					"DEBUG=1",
					"$(inherited)",
				);
				GCC_WARN_64_TO_32_BIT_CONVERSION = YES;
				GCC_WARN_ABOUT_RETURN_TYPE = YES_ERROR;
				GCC_WARN_UNDECLARED_SELECTOR = YES;
				GCC_WARN_UNINITIALIZED_AUTOS = YES_AGGRESSIVE;
				GCC_WARN_UNUSED_FUNCTION = YES;
				GCC_WARN_UNUSED_VARIABLE = YES;
				IPHONEOS_DEPLOYMENT_TARGET = 12.4;
				MTL_ENABLE_DEBUG_INFO = INCLUDE_SOURCE;
				MTL_FAST_MATH = YES;
				ONLY_ACTIVE_ARCH = YES;
				SDKROOT = iphoneos;
				SWIFT_ACTIVE_COMPILATION_CONDITIONS = DEBUG;
				SWIFT_OPTIMIZATION_LEVEL = "-Onone";
			};
			name = Debug;
		};
		946D70DF22F3B03D00929B64 /* Release */ = {
			isa = XCBuildConfiguration;
			buildSettings = {
				ALWAYS_SEARCH_USER_PATHS = NO;
				CLANG_ANALYZER_NONNULL = YES;
				CLANG_ANALYZER_NUMBER_OBJECT_CONVERSION = YES_AGGRESSIVE;
				CLANG_CXX_LANGUAGE_STANDARD = "gnu++14";
				CLANG_CXX_LIBRARY = "libc++";
				CLANG_ENABLE_MODULES = YES;
				CLANG_ENABLE_OBJC_ARC = YES;
				CLANG_ENABLE_OBJC_WEAK = YES;
				CLANG_WARN_BLOCK_CAPTURE_AUTORELEASING = YES;
				CLANG_WARN_BOOL_CONVERSION = YES;
				CLANG_WARN_COMMA = YES;
				CLANG_WARN_CONSTANT_CONVERSION = YES;
				CLANG_WARN_DEPRECATED_OBJC_IMPLEMENTATIONS = YES;
				CLANG_WARN_DIRECT_OBJC_ISA_USAGE = YES_ERROR;
				CLANG_WARN_DOCUMENTATION_COMMENTS = YES;
				CLANG_WARN_EMPTY_BODY = YES;
				CLANG_WARN_ENUM_CONVERSION = YES;
				CLANG_WARN_INFINITE_RECURSION = YES;
				CLANG_WARN_INT_CONVERSION = YES;
				CLANG_WARN_NON_LITERAL_NULL_CONVERSION = YES;
				CLANG_WARN_OBJC_IMPLICIT_RETAIN_SELF = YES;
				CLANG_WARN_OBJC_LITERAL_CONVERSION = YES;
				CLANG_WARN_OBJC_ROOT_CLASS = YES_ERROR;
				CLANG_WARN_RANGE_LOOP_ANALYSIS = YES;
				CLANG_WARN_STRICT_PROTOTYPES = YES;
				CLANG_WARN_SUSPICIOUS_MOVE = YES;
				CLANG_WARN_UNGUARDED_AVAILABILITY = YES_AGGRESSIVE;
				CLANG_WARN_UNREACHABLE_CODE = YES;
				CLANG_WARN__DUPLICATE_METHOD_MATCH = YES;
				CODE_SIGN_IDENTITY = "iPhone Developer";
				COPY_PHASE_STRIP = NO;
				DEBUG_INFORMATION_FORMAT = "dwarf-with-dsym";
				ENABLE_NS_ASSERTIONS = NO;
				ENABLE_STRICT_OBJC_MSGSEND = YES;
				GCC_C_LANGUAGE_STANDARD = gnu11;
				GCC_NO_COMMON_BLOCKS = YES;
				GCC_WARN_64_TO_32_BIT_CONVERSION = YES;
				GCC_WARN_ABOUT_RETURN_TYPE = YES_ERROR;
				GCC_WARN_UNDECLARED_SELECTOR = YES;
				GCC_WARN_UNINITIALIZED_AUTOS = YES_AGGRESSIVE;
				GCC_WARN_UNUSED_FUNCTION = YES;
				GCC_WARN_UNUSED_VARIABLE = YES;
				IPHONEOS_DEPLOYMENT_TARGET = 12.4;
				MTL_ENABLE_DEBUG_INFO = NO;
				MTL_FAST_MATH = YES;
				SDKROOT = iphoneos;
				SWIFT_COMPILATION_MODE = wholemodule;
				SWIFT_OPTIMIZATION_LEVEL = "-O";
				VALIDATE_PRODUCT = YES;
			};
			name = Release;
		};
		946D70E122F3B03D00929B64 /* Debug */ = {
			isa = XCBuildConfiguration;
			baseConfigurationReference = E853BD4B629A93EDFE3D683F /* Pods-Jobs App.debug.xcconfig */;
			buildSettings = {
				ASSETCATALOG_COMPILER_APPICON_NAME = AppIcon;
				CODE_SIGN_STYLE = Automatic;
				DEVELOPMENT_TEAM = ZMX3C2B594;
				INFOPLIST_FILE = "$(SRCROOT)/Jobs App/Base/Info.plist";
				IPHONEOS_DEPLOYMENT_TARGET = 11.0;
				LD_RUNPATH_SEARCH_PATHS = (
					"$(inherited)",
					"@executable_path/Frameworks",
				);
				PRODUCT_BUNDLE_IDENTIFIER = "co.com.arlid.Jobs-App";
				PRODUCT_NAME = "$(TARGET_NAME)";
				SWIFT_VERSION = 5.0;
				TARGETED_DEVICE_FAMILY = 1;
			};
			name = Debug;
		};
		946D70E222F3B03D00929B64 /* Release */ = {
			isa = XCBuildConfiguration;
			baseConfigurationReference = ED98B9833097D1EAD37D2F2C /* Pods-Jobs App.release.xcconfig */;
			buildSettings = {
				ASSETCATALOG_COMPILER_APPICON_NAME = AppIcon;
				CODE_SIGN_STYLE = Automatic;
				DEVELOPMENT_TEAM = ZMX3C2B594;
				INFOPLIST_FILE = "$(SRCROOT)/Jobs App/Base/Info.plist";
				IPHONEOS_DEPLOYMENT_TARGET = 11.0;
				LD_RUNPATH_SEARCH_PATHS = (
					"$(inherited)",
					"@executable_path/Frameworks",
				);
				PRODUCT_BUNDLE_IDENTIFIER = "co.com.arlid.Jobs-App";
				PRODUCT_NAME = "$(TARGET_NAME)";
				SWIFT_VERSION = 5.0;
				TARGETED_DEVICE_FAMILY = 1;
			};
			name = Release;
		};
/* End XCBuildConfiguration section */

/* Begin XCConfigurationList section */
		946D70C922F3B03B00929B64 /* Build configuration list for PBXProject "Jobs App" */ = {
			isa = XCConfigurationList;
			buildConfigurations = (
				946D70DE22F3B03D00929B64 /* Debug */,
				946D70DF22F3B03D00929B64 /* Release */,
			);
			defaultConfigurationIsVisible = 0;
			defaultConfigurationName = Release;
		};
		946D70E022F3B03D00929B64 /* Build configuration list for PBXNativeTarget "Jobs App" */ = {
			isa = XCConfigurationList;
			buildConfigurations = (
				946D70E122F3B03D00929B64 /* Debug */,
				946D70E222F3B03D00929B64 /* Release */,
			);
			defaultConfigurationIsVisible = 0;
			defaultConfigurationName = Release;
		};
/* End XCConfigurationList section */
	};
	rootObject = 946D70C622F3B03B00929B64 /* Project object */;
}
